<?xml version="1.0" encoding="utf-8"?>
<Project ToolsVersion="4.0" xmlns="http://schemas.microsoft.com/developer/msbuild/2003">
  <ItemGroup>
    <Filter Include="Core">
      <UniqueIdentifier>{b99900fe-8bad-4604-a858-01051ae61996}</UniqueIdentifier>
    </Filter>
    <Filter Include="Shape">
      <UniqueIdentifier>{d2e38734-8273-47aa-8083-4cd48ed5a862}</UniqueIdentifier>
    </Filter>
  </ItemGroup>
  <ItemGroup>
    <ClInclude Include="Image.hpp">
      <Filter>Core</Filter>
    </ClInclude>
    <ClInclude Include="Math.hpp">
      <Filter>Core</Filter>
    </ClInclude>
    <ClInclude Include="Material.hpp">
      <Filter>Core</Filter>
    </ClInclude>
    <ClInclude Include="Light.hpp">
      <Filter>Core</Filter>
    </ClInclude>
    <ClInclude Include="Scene.hpp">
      <Filter>Core</Filter>
    </ClInclude>
    <ClInclude Include="Color.hpp">
      <Filter>Core</Filter>
    </ClInclude>
    <ClInclude Include="Shape.hpp">
      <Filter>Shape</Filter>
    </ClInclude>
    <ClInclude Include="Sphere.hpp">
      <Filter>Shape</Filter>
    </ClInclude>
    <ClInclude Include="Triangle.hpp">
      <Filter>Shape</Filter>
    </ClInclude>
    <ClInclude Include="Renderer.hpp">
      <Filter>Core</Filter>
    </ClInclude>
    <ClInclude Include="Core.hpp">
      <Filter>Core</Filter>
    </ClInclude>
    <ClInclude Include="Ray.hpp">
      <Filter>Core</Filter>
    </ClInclude>
    <ClInclude Include="Hit.hpp">
      <Filter>Core</Filter>
    </ClInclude>
  </ItemGroup>
  <ItemGroup>
    <ClCompile Include="Image.cpp">
      <Filter>Core</Filter>
    </ClCompile>
    <ClCompile Include="Main.cpp" />
    <ClCompile Include="Renderer.cpp">
      <Filter>Core</Filter>
    </ClCompile>
  </ItemGroup>
</Project>