<?xml version="1.0" encoding="utf-8"?>
<Project ToolsVersion="4.0" xmlns="http://schemas.microsoft.com/developer/msbuild/2003">
  <ItemGroup>
    <ClInclude Include="AABB.hpp">
      <Filter>Accelerator</Filter>
    </ClInclude>
    <ClInclude Include="BVH.hpp">
      <Filter>Accelerator</Filter>
    </ClInclude>
    <ClInclude Include="AABBRect.hpp">
      <Filter>Core</Filter>
    </ClInclude>
    <ClInclude Include="Box.hpp">
      <Filter>Core</Filter>
    </ClInclude>
    <ClInclude Include="Camera.hpp">
      <Filter>Core</Filter>
    </ClInclude>
    <ClInclude Include="Core.hpp">
      <Filter>Core</Filter>
    </ClInclude>
    <ClInclude Include="Hit.hpp">
      <Filter>Core</Filter>
    </ClInclude>
    <ClInclude Include="Image.hpp">
      <Filter>Tool</Filter>
    </ClInclude>
    <ClInclude Include="Material.hpp">
      <Filter>Core</Filter>
    </ClInclude>
    <ClInclude Include="MaterialDielectric.hpp">
      <Filter>Core</Filter>
    </ClInclude>
    <ClInclude Include="MaterialLambert.hpp">
      <Filter>Core</Filter>
    </ClInclude>
    <ClInclude Include="MaterialMetal.hpp">
      <Filter>Core</Filter>
    </ClInclude>
    <ClInclude Include="Math.hpp">
      <Filter>Core</Filter>
    </ClInclude>
    <ClInclude Include="Medium.hpp">
      <Filter>Core</Filter>
    </ClInclude>
    <ClInclude Include="Random.hpp">
      <Filter>Core</Filter>
    </ClInclude>
    <ClInclude Include="Ray.hpp">
      <Filter>Core</Filter>
    </ClInclude>
    <ClInclude Include="Renderer.hpp">
      <Filter>Core</Filter>
    </ClInclude>
    <ClInclude Include="Scene.hpp">
      <Filter>Core</Filter>
    </ClInclude>
    <ClInclude Include="Shape.hpp">
      <Filter>Core</Filter>
    </ClInclude>
    <ClInclude Include="Sphere.hpp">
      <Filter>Core</Filter>
    </ClInclude>
    <ClInclude Include="Texture.hpp">
      <Filter>Core</Filter>
    </ClInclude>
    <ClInclude Include="Timer.hpp">
      <Filter>Core</Filter>
    </ClInclude>
    <ClInclude Include="Translate.hpp">
      <Filter>Core</Filter>
    </ClInclude>
    <ClInclude Include="TestRayTracingCPU.hpp">
      <Filter>Test</Filter>
    </ClInclude>
  </ItemGroup>
  <ItemGroup>
    <ClCompile Include="Box.cpp">
      <Filter>Core</Filter>
    </ClCompile>
    <ClCompile Include="Camera.cpp">
      <Filter>Core</Filter>
    </ClCompile>
    <ClCompile Include="Image.cpp">
      <Filter>Tool</Filter>
    </ClCompile>
    <ClCompile Include="Medium.cpp">
      <Filter>Core</Filter>
    </ClCompile>
    <ClCompile Include="Renderer.cpp">
      <Filter>Core</Filter>
    </ClCompile>
    <ClCompile Include="Scene.cpp">
      <Filter>Core</Filter>
    </ClCompile>
    <ClCompile Include="Texture.cpp">
      <Filter>Core</Filter>
    </ClCompile>
    <ClCompile Include="Translate.cpp">
      <Filter>Core</Filter>
    </ClCompile>
  </ItemGroup>
  <ItemGroup>
    <Filter Include="Core">
      <UniqueIdentifier>{c76edcff-9663-4fd5-8215-ba4ded74efc0}</UniqueIdentifier>
    </Filter>
    <Filter Include="Accelerator">
      <UniqueIdentifier>{6f339369-c710-490b-ad35-f7fac5ee1dd9}</UniqueIdentifier>
    </Filter>
    <Filter Include="Tool">
      <UniqueIdentifier>{dd5f928b-689b-4c96-85a4-ba0209764d0c}</UniqueIdentifier>
    </Filter>
    <Filter Include="Test">
      <UniqueIdentifier>{e2c6cfc1-7a5f-45f2-845b-1b36f7f58477}</UniqueIdentifier>
    </Filter>
  </ItemGroup>
</Project>